
Microsoft Visual Studio Solution File, Format Version 12.00
# Visual Studio Version 17
VisualStudioVersion = 17.8.34330.188
MinimumVisualStudioVersion = 10.0.40219.1
Project("{9A19103F-16F7-4668-BE54-9A1E7A4F7556}") = "HelloBlazorApp", "HelloBlazorApp\HelloBlazorApp.csproj", "{C50FCAC7-B483-4BF6-8DF9-6A50CFD33B3E}"
EndProject
Global
	GlobalSection(SolutionConfigurationPlatforms) = preSolution
		Debug|Any CPU = Debug|Any CPU
		Release|Any CPU = Release|Any CPU
	EndGlobalSection
	GlobalSection(ProjectConfigurationPlatforms) = postSolution
		{C50FCAC7-B483-4BF6-8DF9-6A50CFD33B3E}.Debug|Any CPU.ActiveCfg = Debug|Any CPU
		{C50FCAC7-B483-4BF6-8DF9-6A50CFD33B3E}.Debug|Any CPU.Build.0 = Debug|Any CPU
		{C50FCAC7-B483-4BF6-8DF9-6A50CFD33B3E}.Release|Any CPU.ActiveCfg = Release|Any CPU
		{C50FCAC7-B483-4BF6-8DF9-6A50CFD33B3E}.Release|Any CPU.Build.0 = Release|Any CPU
	EndGlobalSection
	GlobalSection(SolutionProperties) = preSolution
		HideSolutionNode = FALSE
	EndGlobalSection
	GlobalSection(ExtensibilityGlobals) = postSolution
		SolutionGuid = {19BDC11A-7456-48A5-93A2-67926ACD3B33}
	EndGlobalSection
EndGlobal
